
Microsoft Visual Studio Solution File, Format Version 12.00
# Visual Studio Version 17
VisualStudioVersion = 17.9.34902.65
MinimumVisualStudioVersion = 10.0.40219.1
Project("{FAE04EC0-301F-11D3-BF4B-00C04F79EFBC}") = "HelloApp", "HelloApp\HelloApp.csproj", "{042338C9-ECBE-4233-AAC6-DD796019BE10}"
EndProject
Global
	GlobalSection(SolutionConfigurationPlatforms) = preSolution
		Debug|Any CPU = Debug|Any CPU
		Release|Any CPU = Release|Any CPU
	EndGlobalSection
	GlobalSection(ProjectConfigurationPlatforms) = postSolution
		{042338C9-ECBE-4233-AAC6-DD796019BE10}.Debug|Any CPU.ActiveCfg = Debug|Any CPU
		{042338C9-ECBE-4233-AAC6-DD796019BE10}.Debug|Any CPU.Build.0 = Debug|Any CPU
		{042338C9-ECBE-4233-AAC6-DD796019BE10}.Release|Any CPU.ActiveCfg = Release|Any CPU
		{042338C9-ECBE-4233-AAC6-DD796019BE10}.Release|Any CPU.Build.0 = Release|Any CPU
	EndGlobalSection
	GlobalSection(SolutionProperties) = preSolution
		HideSolutionNode = FALSE
	EndGlobalSection
	GlobalSection(ExtensibilityGlobals) = postSolution
		SolutionGuid = {41BFE2E9-237C-42D5-B737-B2A969AF294E}
	EndGlobalSection
EndGlobal
